{
  "name": "test",
  "version": "1.0.0",
  "lockfileVersion": 3,
  "requires": true,
  "packages": {
    "": {
      "name": "test",
      "version": "1.0.0",
      "license": "ISC",
      "dependencies": {
        "leegahee-utils": "^0.0.2"
      }
    },
    "node_modules/leegahee-utils": {
      "version": "0.0.2",
      "resolved": "https://registry.npmjs.org/leegahee-utils/-/leegahee-utils-0.0.2.tgz",
      "integrity": "sha512-Is60zomP9lISaDULqLeSUmfQN829Fx2ma1m9hZlEcPd+A8+XipxPE3qtyL+K+jZ/qOM1ktGkYuLWk+D0YUy44g=="
    }
  }
}
